
Microsoft Visual Studio Solution File, Format Version 12.00
# Visual Studio 2012
Project("{FAE04EC0-301F-11D3-BF4B-00C04F79EFBC}") = "binary-search", "binary-search\binary-search.csproj", "{EEACF51F-5F87-4696-8C79-EB9ECF0F7D46}"
EndProject
Project("{FAE04EC0-301F-11D3-BF4B-00C04F79EFBC}") = "linked-list", "linked-list\linked-list.csproj", "{08791D81-8656-43DA-B88F-067B9D20F30D}"
EndProject
Project("{FAE04EC0-301F-11D3-BF4B-00C04F79EFBC}") = "Recursion", "recursion\Recursion.csproj", "{390344FE-A325-47E3-830C-C585843C4285}"
EndProject
Project("{FAE04EC0-301F-11D3-BF4B-00C04F79EFBC}") = "bubble-sort", "bubble-sort\bubble-sort.csproj", "{136C05DD-A359-42EB-B852-A7258F388C3F}"
EndProject
Project("{2150E333-8FDC-42A3-9474-1A3956D46DE8}") = "1 - Binary Search", "1 - Binary Search", "{D1396FB6-829C-463B-A64F-CA461F86F12B}"
EndProject
Project("{2150E333-8FDC-42A3-9474-1A3956D46DE8}") = "2 - Linked List", "2 - Linked List", "{2BDCC282-0669-4566-9D3E-B575A419E463}"
EndProject
Project("{2150E333-8FDC-42A3-9474-1A3956D46DE8}") = "4 - Recursion", "4 - Recursion", "{939A8D10-05D8-4B5D-9216-7EC08381B2E4}"
EndProject
Project("{2150E333-8FDC-42A3-9474-1A3956D46DE8}") = "3 - Bubble Sort", "3 - Bubble Sort", "{BEDE5039-576D-442C-A999-4F3DF3FC52F7}"
EndProject
Project("{2150E333-8FDC-42A3-9474-1A3956D46DE8}") = "Other", "Other", "{C69E5A94-E6EB-4CF2-9CFA-1356D67F7834}"
EndProject
Project("{FAE04EC0-301F-11D3-BF4B-00C04F79EFBC}") = "fizzbuzz", "fizzbuzz\fizzbuzz.csproj", "{4682D441-1BFA-454D-82E6-6EBDCDCF8522}"
EndProject
Project("{FAE04EC0-301F-11D3-BF4B-00C04F79EFBC}") = "prime-generator", "fizzbuzz\prime-generator\prime-generator.csproj", "{202C1F44-291C-4BB7-8D0F-F0D54D17F53A}"
EndProject
Project("{2150E333-8FDC-42A3-9474-1A3956D46DE8}") = "5 - Merge Sort", "5 - Merge Sort", "{12206D34-26BF-4758-AB90-FBE005BC7CD9}"
EndProject
Project("{FAE04EC0-301F-11D3-BF4B-00C04F79EFBC}") = "merge-sort", "merge-sort\merge-sort.csproj", "{8FDA71B1-FECF-4448-AD73-80174DEC46BA}"
EndProject
Project("{FAE04EC0-301F-11D3-BF4B-00C04F79EFBC}") = "reverse-string", "fizzbuzz\reverse-string\reverse-string.csproj", "{2B6CD343-839B-4026-9F37-BE6B38DC9896}"
EndProject
Project("{2150E333-8FDC-42A3-9474-1A3956D46DE8}") = "6 - Binary Tree", "6 - Binary Tree", "{A042FD76-D8DF-4BB3-AAB2-F7A0853BC3B9}"
EndProject
Project("{FAE04EC0-301F-11D3-BF4B-00C04F79EFBC}") = "binary-tree", "binary-tree\binary-tree.csproj", "{18518C87-76AC-4BD8-8235-11F6A83DEF6C}"
EndProject
Global
	GlobalSection(SolutionConfigurationPlatforms) = preSolution
		Debug|x86 = Debug|x86
		Release|x86 = Release|x86
	EndGlobalSection
	GlobalSection(ProjectConfigurationPlatforms) = postSolution
		{EEACF51F-5F87-4696-8C79-EB9ECF0F7D46}.Debug|x86.ActiveCfg = Debug|x86
		{EEACF51F-5F87-4696-8C79-EB9ECF0F7D46}.Debug|x86.Build.0 = Debug|x86
		{EEACF51F-5F87-4696-8C79-EB9ECF0F7D46}.Release|x86.ActiveCfg = Release|x86
		{EEACF51F-5F87-4696-8C79-EB9ECF0F7D46}.Release|x86.Build.0 = Release|x86
		{08791D81-8656-43DA-B88F-067B9D20F30D}.Debug|x86.ActiveCfg = Debug|x86
		{08791D81-8656-43DA-B88F-067B9D20F30D}.Debug|x86.Build.0 = Debug|x86
		{08791D81-8656-43DA-B88F-067B9D20F30D}.Release|x86.ActiveCfg = Release|x86
		{08791D81-8656-43DA-B88F-067B9D20F30D}.Release|x86.Build.0 = Release|x86
		{390344FE-A325-47E3-830C-C585843C4285}.Debug|x86.ActiveCfg = Debug|x86
		{390344FE-A325-47E3-830C-C585843C4285}.Debug|x86.Build.0 = Debug|x86
		{390344FE-A325-47E3-830C-C585843C4285}.Release|x86.ActiveCfg = Release|x86
		{390344FE-A325-47E3-830C-C585843C4285}.Release|x86.Build.0 = Release|x86
		{136C05DD-A359-42EB-B852-A7258F388C3F}.Debug|x86.ActiveCfg = Debug|x86
		{136C05DD-A359-42EB-B852-A7258F388C3F}.Debug|x86.Build.0 = Debug|x86
		{136C05DD-A359-42EB-B852-A7258F388C3F}.Release|x86.ActiveCfg = Release|x86
		{136C05DD-A359-42EB-B852-A7258F388C3F}.Release|x86.Build.0 = Release|x86
		{4682D441-1BFA-454D-82E6-6EBDCDCF8522}.Debug|x86.ActiveCfg = Debug|x86
		{4682D441-1BFA-454D-82E6-6EBDCDCF8522}.Debug|x86.Build.0 = Debug|x86
		{4682D441-1BFA-454D-82E6-6EBDCDCF8522}.Release|x86.ActiveCfg = Release|x86
		{4682D441-1BFA-454D-82E6-6EBDCDCF8522}.Release|x86.Build.0 = Release|x86
		{202C1F44-291C-4BB7-8D0F-F0D54D17F53A}.Debug|x86.ActiveCfg = Debug|x86
		{202C1F44-291C-4BB7-8D0F-F0D54D17F53A}.Debug|x86.Build.0 = Debug|x86
		{202C1F44-291C-4BB7-8D0F-F0D54D17F53A}.Release|x86.ActiveCfg = Release|x86
		{202C1F44-291C-4BB7-8D0F-F0D54D17F53A}.Release|x86.Build.0 = Release|x86
		{8FDA71B1-FECF-4448-AD73-80174DEC46BA}.Debug|x86.ActiveCfg = Debug|x86
		{8FDA71B1-FECF-4448-AD73-80174DEC46BA}.Debug|x86.Build.0 = Debug|x86
		{8FDA71B1-FECF-4448-AD73-80174DEC46BA}.Release|x86.ActiveCfg = Release|x86
		{8FDA71B1-FECF-4448-AD73-80174DEC46BA}.Release|x86.Build.0 = Release|x86
		{2B6CD343-839B-4026-9F37-BE6B38DC9896}.Debug|x86.ActiveCfg = Debug|x86
		{2B6CD343-839B-4026-9F37-BE6B38DC9896}.Debug|x86.Build.0 = Debug|x86
		{2B6CD343-839B-4026-9F37-BE6B38DC9896}.Release|x86.ActiveCfg = Release|x86
		{2B6CD343-839B-4026-9F37-BE6B38DC9896}.Release|x86.Build.0 = Release|x86
		{18518C87-76AC-4BD8-8235-11F6A83DEF6C}.Debug|x86.ActiveCfg = Debug|x86
		{18518C87-76AC-4BD8-8235-11F6A83DEF6C}.Debug|x86.Build.0 = Debug|x86
		{18518C87-76AC-4BD8-8235-11F6A83DEF6C}.Release|x86.ActiveCfg = Release|x86
		{18518C87-76AC-4BD8-8235-11F6A83DEF6C}.Release|x86.Build.0 = Release|x86
	EndGlobalSection
	GlobalSection(NestedProjects) = preSolution
		{EEACF51F-5F87-4696-8C79-EB9ECF0F7D46} = {D1396FB6-829C-463B-A64F-CA461F86F12B}
		{08791D81-8656-43DA-B88F-067B9D20F30D} = {2BDCC282-0669-4566-9D3E-B575A419E463}
		{390344FE-A325-47E3-830C-C585843C4285} = {939A8D10-05D8-4B5D-9216-7EC08381B2E4}
		{136C05DD-A359-42EB-B852-A7258F388C3F} = {BEDE5039-576D-442C-A999-4F3DF3FC52F7}
		{4682D441-1BFA-454D-82E6-6EBDCDCF8522} = {C69E5A94-E6EB-4CF2-9CFA-1356D67F7834}
		{202C1F44-291C-4BB7-8D0F-F0D54D17F53A} = {C69E5A94-E6EB-4CF2-9CFA-1356D67F7834}
		{8FDA71B1-FECF-4448-AD73-80174DEC46BA} = {12206D34-26BF-4758-AB90-FBE005BC7CD9}
		{2B6CD343-839B-4026-9F37-BE6B38DC9896} = {C69E5A94-E6EB-4CF2-9CFA-1356D67F7834}
		{18518C87-76AC-4BD8-8235-11F6A83DEF6C} = {A042FD76-D8DF-4BB3-AAB2-F7A0853BC3B9}
	EndGlobalSection
EndGlobal
